
Microsoft Visual Studio Solution File, Format Version 12.00
# Visual Studio Version 17
VisualStudioVersion = 17.8.34525.116
MinimumVisualStudioVersion = 10.0.40219.1
Project("{FAE04EC0-301F-11D3-BF4B-00C04F79EFBC}") = "tarea", "tarea.csproj", "{8B53C246-15AE-40DC-AB8D-B1F9E1BF1A79}"
EndProject
Global
	GlobalSection(SolutionConfigurationPlatforms) = preSolution
		Debug|Any CPU = Debug|Any CPU
		Release|Any CPU = Release|Any CPU
	EndGlobalSection
	GlobalSection(ProjectConfigurationPlatforms) = postSolution
		{8B53C246-15AE-40DC-AB8D-B1F9E1BF1A79}.Debug|Any CPU.ActiveCfg = Debug|Any CPU
		{8B53C246-15AE-40DC-AB8D-B1F9E1BF1A79}.Debug|Any CPU.Build.0 = Debug|Any CPU
		{8B53C246-15AE-40DC-AB8D-B1F9E1BF1A79}.Release|Any CPU.ActiveCfg = Release|Any CPU
		{8B53C246-15AE-40DC-AB8D-B1F9E1BF1A79}.Release|Any CPU.Build.0 = Release|Any CPU
	EndGlobalSection
	GlobalSection(SolutionProperties) = preSolution
		HideSolutionNode = FALSE
	EndGlobalSection
	GlobalSection(ExtensibilityGlobals) = postSolution
		SolutionGuid = {271ECF50-D049-4069-939C-547E73EFE928}
	EndGlobalSection
EndGlobal
