
Microsoft Visual Studio Solution File, Format Version 12.00
# Visual Studio Version 17
VisualStudioVersion = 17.8.34525.116
MinimumVisualStudioVersion = 10.0.40219.1
Project("{FAE04EC0-301F-11D3-BF4B-00C04F79EFBC}") = "clase 6", "clase 6.csproj", "{AF4212A9-7B0A-4063-BCF2-D09D86E339D1}"
EndProject
Global
	GlobalSection(SolutionConfigurationPlatforms) = preSolution
		Debug|Any CPU = Debug|Any CPU
		Release|Any CPU = Release|Any CPU
	EndGlobalSection
	GlobalSection(ProjectConfigurationPlatforms) = postSolution
		{AF4212A9-7B0A-4063-BCF2-D09D86E339D1}.Debug|Any CPU.ActiveCfg = Debug|Any CPU
		{AF4212A9-7B0A-4063-BCF2-D09D86E339D1}.Debug|Any CPU.Build.0 = Debug|Any CPU
		{AF4212A9-7B0A-4063-BCF2-D09D86E339D1}.Release|Any CPU.ActiveCfg = Release|Any CPU
		{AF4212A9-7B0A-4063-BCF2-D09D86E339D1}.Release|Any CPU.Build.0 = Release|Any CPU
	EndGlobalSection
	GlobalSection(SolutionProperties) = preSolution
		HideSolutionNode = FALSE
	EndGlobalSection
	GlobalSection(ExtensibilityGlobals) = postSolution
		SolutionGuid = {E3F2FADA-B4EF-4FE0-AD4D-0AE32C363FEA}
	EndGlobalSection
EndGlobal
