
Microsoft Visual Studio Solution File, Format Version 12.00
# Visual Studio Version 17
VisualStudioVersion = 17.8.34525.116
MinimumVisualStudioVersion = 10.0.40219.1
Project("{FAE04EC0-301F-11D3-BF4B-00C04F79EFBC}") = "totito", "totito.csproj", "{C83A43F8-5550-49E4-8C67-598518771C77}"
EndProject
Project("{FAE04EC0-301F-11D3-BF4B-00C04F79EFBC}") = "Compras", "..\Compras\Compras.csproj", "{B55DFE10-7870-4E28-BA99-78A814887171}"
EndProject
Project("{FAE04EC0-301F-11D3-BF4B-00C04F79EFBC}") = "Tareas", "..\Tareas\Tareas.csproj", "{FDCC7458-3666-47E8-9A1F-193FE7568E10}"
EndProject
Global
	GlobalSection(SolutionConfigurationPlatforms) = preSolution
		Debug|Any CPU = Debug|Any CPU
		Release|Any CPU = Release|Any CPU
	EndGlobalSection
	GlobalSection(ProjectConfigurationPlatforms) = postSolution
		{C83A43F8-5550-49E4-8C67-598518771C77}.Debug|Any CPU.ActiveCfg = Debug|Any CPU
		{C83A43F8-5550-49E4-8C67-598518771C77}.Debug|Any CPU.Build.0 = Debug|Any CPU
		{C83A43F8-5550-49E4-8C67-598518771C77}.Release|Any CPU.ActiveCfg = Release|Any CPU
		{C83A43F8-5550-49E4-8C67-598518771C77}.Release|Any CPU.Build.0 = Release|Any CPU
		{B55DFE10-7870-4E28-BA99-78A814887171}.Debug|Any CPU.ActiveCfg = Debug|Any CPU
		{B55DFE10-7870-4E28-BA99-78A814887171}.Debug|Any CPU.Build.0 = Debug|Any CPU
		{B55DFE10-7870-4E28-BA99-78A814887171}.Release|Any CPU.ActiveCfg = Release|Any CPU
		{B55DFE10-7870-4E28-BA99-78A814887171}.Release|Any CPU.Build.0 = Release|Any CPU
		{FDCC7458-3666-47E8-9A1F-193FE7568E10}.Debug|Any CPU.ActiveCfg = Debug|Any CPU
		{FDCC7458-3666-47E8-9A1F-193FE7568E10}.Debug|Any CPU.Build.0 = Debug|Any CPU
		{FDCC7458-3666-47E8-9A1F-193FE7568E10}.Release|Any CPU.ActiveCfg = Release|Any CPU
		{FDCC7458-3666-47E8-9A1F-193FE7568E10}.Release|Any CPU.Build.0 = Release|Any CPU
	EndGlobalSection
	GlobalSection(SolutionProperties) = preSolution
		HideSolutionNode = FALSE
	EndGlobalSection
	GlobalSection(ExtensibilityGlobals) = postSolution
		SolutionGuid = {DE27EEF8-9AC6-4979-8A28-5C174CBEC1BC}
	EndGlobalSection
EndGlobal
